
Microsoft Visual Studio Solution File, Format Version 12.00
# Visual Studio Version 16
VisualStudioVersion = 16.0.32802.440
MinimumVisualStudioVersion = 10.0.40219.1
Project("{9A19103F-16F7-4668-BE54-9A1E7A4F7556}") = "I3WAD22-OO-Exo_banque", "I3WAD22-OO-Exo_banque\I3WAD22-OO-Exo_banque.csproj", "{FB8AD8BC-61C4-41F3-9069-4E0BC252D56E}"
EndProject
Project("{FAE04EC0-301F-11D3-BF4B-00C04F79EFBC}") = "I3WAD22-OO-Exo_CarWash", "I3WAD22-OO-Exo_CarWash\I3WAD22-OO-Exo_CarWash.csproj", "{F387849A-D06C-467E-B1E0-2A7343DDA6A2}"
EndProject
Global
	GlobalSection(SolutionConfigurationPlatforms) = preSolution
		Debug|Any CPU = Debug|Any CPU
		Release|Any CPU = Release|Any CPU
	EndGlobalSection
	GlobalSection(ProjectConfigurationPlatforms) = postSolution
		{FB8AD8BC-61C4-41F3-9069-4E0BC252D56E}.Debug|Any CPU.ActiveCfg = Debug|Any CPU
		{FB8AD8BC-61C4-41F3-9069-4E0BC252D56E}.Debug|Any CPU.Build.0 = Debug|Any CPU
		{FB8AD8BC-61C4-41F3-9069-4E0BC252D56E}.Release|Any CPU.ActiveCfg = Release|Any CPU
		{FB8AD8BC-61C4-41F3-9069-4E0BC252D56E}.Release|Any CPU.Build.0 = Release|Any CPU
		{F387849A-D06C-467E-B1E0-2A7343DDA6A2}.Debug|Any CPU.ActiveCfg = Debug|Any CPU
		{F387849A-D06C-467E-B1E0-2A7343DDA6A2}.Debug|Any CPU.Build.0 = Debug|Any CPU
		{F387849A-D06C-467E-B1E0-2A7343DDA6A2}.Release|Any CPU.ActiveCfg = Release|Any CPU
		{F387849A-D06C-467E-B1E0-2A7343DDA6A2}.Release|Any CPU.Build.0 = Release|Any CPU
	EndGlobalSection
	GlobalSection(SolutionProperties) = preSolution
		HideSolutionNode = FALSE
	EndGlobalSection
	GlobalSection(ExtensibilityGlobals) = postSolution
		SolutionGuid = {2FEC9B01-9160-4569-B2E1-F3735E19C2B3}
	EndGlobalSection
EndGlobal
